
Microsoft Visual Studio Solution File, Format Version 12.00
# Visual Studio Version 16
VisualStudioVersion = 16.0.29519.181
MinimumVisualStudioVersion = 10.0.40219.1
Project("{FAE04EC0-301F-11D3-BF4B-00C04F79EFBC}") = "Day_02", "Day_02\Day_02.csproj", "{9BCD2E36-8E26-4CC2-A872-FDBA69E5531A}"
EndProject
Global
	GlobalSection(SolutionConfigurationPlatforms) = preSolution
		Debug|Any CPU = Debug|Any CPU
		Release|Any CPU = Release|Any CPU
	EndGlobalSection
	GlobalSection(ProjectConfigurationPlatforms) = postSolution
		{9BCD2E36-8E26-4CC2-A872-FDBA69E5531A}.Debug|Any CPU.ActiveCfg = Debug|Any CPU
		{9BCD2E36-8E26-4CC2-A872-FDBA69E5531A}.Debug|Any CPU.Build.0 = Debug|Any CPU
		{9BCD2E36-8E26-4CC2-A872-FDBA69E5531A}.Release|Any CPU.ActiveCfg = Release|Any CPU
		{9BCD2E36-8E26-4CC2-A872-FDBA69E5531A}.Release|Any CPU.Build.0 = Release|Any CPU
	EndGlobalSection
	GlobalSection(SolutionProperties) = preSolution
		HideSolutionNode = FALSE
	EndGlobalSection
	GlobalSection(ExtensibilityGlobals) = postSolution
		SolutionGuid = {F738C4DB-A6E3-467C-8779-1C0265AECB87}
	EndGlobalSection
EndGlobal
