
Microsoft Visual Studio Solution File, Format Version 12.00
# Visual Studio Version 16
VisualStudioVersion = 16.0.29519.181
MinimumVisualStudioVersion = 10.0.40219.1
Project("{FAE04EC0-301F-11D3-BF4B-00C04F79EFBC}") = "AdventCode", "AdventCode\AdventCode.csproj", "{2497A719-FDE8-4F78-9D49-52F5C64E099C}"
EndProject
Global
	GlobalSection(SolutionConfigurationPlatforms) = preSolution
		Debug|Any CPU = Debug|Any CPU
		Release|Any CPU = Release|Any CPU
	EndGlobalSection
	GlobalSection(ProjectConfigurationPlatforms) = postSolution
		{2497A719-FDE8-4F78-9D49-52F5C64E099C}.Debug|Any CPU.ActiveCfg = Debug|Any CPU
		{2497A719-FDE8-4F78-9D49-52F5C64E099C}.Debug|Any CPU.Build.0 = Debug|Any CPU
		{2497A719-FDE8-4F78-9D49-52F5C64E099C}.Release|Any CPU.ActiveCfg = Release|Any CPU
		{2497A719-FDE8-4F78-9D49-52F5C64E099C}.Release|Any CPU.Build.0 = Release|Any CPU
	EndGlobalSection
	GlobalSection(SolutionProperties) = preSolution
		HideSolutionNode = FALSE
	EndGlobalSection
	GlobalSection(ExtensibilityGlobals) = postSolution
		SolutionGuid = {880B8662-3307-440C-9AEE-8F1C124B7365}
	EndGlobalSection
EndGlobal
